
Microsoft Visual Studio Solution File, Format Version 12.00
# Visual Studio Version 16
VisualStudioVersion = 16.0.30517.126
MinimumVisualStudioVersion = 10.0.40219.1
Project("{FAE04EC0-301F-11D3-BF4B-00C04F79EFBC}") = "jQueryAjaxCRUDinASPNETCore", "jQueryAjaxCRUDinASPNETCore\jQueryAjaxCRUDinASPNETCore.csproj", "{DDA36837-FEE0-4796-9B03-7091BAB7003B}"
EndProject
Global
	GlobalSection(SolutionConfigurationPlatforms) = preSolution
		Debug|Any CPU = Debug|Any CPU
		Release|Any CPU = Release|Any CPU
	EndGlobalSection
	GlobalSection(ProjectConfigurationPlatforms) = postSolution
		{DDA36837-FEE0-4796-9B03-7091BAB7003B}.Debug|Any CPU.ActiveCfg = Debug|Any CPU
		{DDA36837-FEE0-4796-9B03-7091BAB7003B}.Debug|Any CPU.Build.0 = Debug|Any CPU
		{DDA36837-FEE0-4796-9B03-7091BAB7003B}.Release|Any CPU.ActiveCfg = Release|Any CPU
		{DDA36837-FEE0-4796-9B03-7091BAB7003B}.Release|Any CPU.Build.0 = Release|Any CPU
	EndGlobalSection
	GlobalSection(SolutionProperties) = preSolution
		HideSolutionNode = FALSE
	EndGlobalSection
	GlobalSection(ExtensibilityGlobals) = postSolution
		SolutionGuid = {8A62C283-223B-49A1-9D15-AAF167B27C06}
	EndGlobalSection
EndGlobal
